!<StoredInfo>
attr: !<MetaBlockAttribute>
  blockType: 3
  buildTime: 2
  defaultDisplayType: 0
  destroyTime: 2
  display: true
  displayNames: null
  displayTypeSize: 2
  empty: false
  fullBlock: true
  fullBlockType: 0
  hardness: 1.0
  height: 1
  intData: null
  light: true
  lightIntensity: 16.0
  rectSolid: null
  width: 1
  workStation: false
id: 17
name: light-block
sttr: !<MetaBlockStoredAttribute>
  displayUpdater: null
  displayer: null
  from: null
  itemDrop: null
  tiles:
  - {assetId: image/tiles.png, h: 18, w: 18, x: 120, y: 300}
  - {assetId: image/tiles.png, h: 18, w: 18, x: 120, y: 280}
  - {assetId: image/tiles.png, h: 18, w: 18, x: 120, y: 320}
  - {assetId: image/tiles.png, h: 18, w: 18, x: 120, y: 260}
  - {assetId: image/tiles.png, h: 18, w: 18, x: 100, y: 300}
  - {assetId: image/tiles.png, h: 18, w: 18, x: 100, y: 280}
  - {assetId: image/tiles.png, h: 18, w: 18, x: 100, y: 320}
  - {assetId: image/tiles.png, h: 18, w: 18, x: 100, y: 260}
  - {assetId: image/tiles.png, h: 18, w: 18, x: 140, y: 300}
  - {assetId: image/tiles.png, h: 18, w: 18, x: 140, y: 280}
  - {assetId: image/tiles.png, h: 18, w: 18, x: 140, y: 320}
  - {assetId: image/tiles.png, h: 18, w: 18, x: 140, y: 260}
  - {assetId: image/tiles.png, h: 18, w: 18, x: 80, y: 300}
  - {assetId: image/tiles.png, h: 18, w: 18, x: 80, y: 280}
  - {assetId: image/tiles.png, h: 18, w: 18, x: 80, y: 320}
  - {assetId: image/tiles.png, h: 18, w: 18, x: 80, y: 260}
  - {assetId: image/tiles.png, h: 18, w: 18, x: 160, y: 320}
  - {assetId: image/tiles.png, h: 18, w: 18, x: 180, y: 320}
  - {assetId: image/tiles.png, h: 18, w: 18, x: 160, y: 340}
  - {assetId: image/tiles.png, h: 18, w: 18, x: 180, y: 340}
  to: null
  updater: null
